Microsoft Visual Studio Solution File, Format Version 11.00
# Visual Studio 2008

Project("{DA0A3BB8-588D-58D9-7637-9D9C31C211FE}") = "VRTowerDefense", "Assembly-CSharp.csproj", "{9023F618-46BD-D10F-CCC4-A870B40F6D24}"
EndProject
Global
	GlobalSection(SolutionConfigurationPlatforms) = preSolution
		Debug|Any CPU = Debug|Any CPU
		Release|Any CPU = Release|Any CPU
	EndGlobalSection
	GlobalSection(ProjectConfigurationPlatforms) = postSolution
		{9023F618-46BD-D10F-CCC4-A870B40F6D24}.Debug|Any CPU.ActiveCfg = Debug|Any CPU
		{9023F618-46BD-D10F-CCC4-A870B40F6D24}.Debug|Any CPU.Build.0 = Debug|Any CPU
		{9023F618-46BD-D10F-CCC4-A870B40F6D24}.Release|Any CPU.ActiveCfg = Release|Any CPU
		{9023F618-46BD-D10F-CCC4-A870B40F6D24}.Release|Any CPU.Build.0 = Release|Any CPU
	EndGlobalSection
	GlobalSection(SolutionProperties) = preSolution
		HideSolutionNode = FALSE
	EndGlobalSection
	GlobalSection(MonoDevelopProperties) = preSolution
		StartupItem = Assembly-CSharp.csproj
	EndGlobalSection
EndGlobal
